<?xml version="1.0" encoding="utf-8"?>
<Project ToolsVersion="4.0" xmlns="http://schemas.microsoft.com/developer/msbuild/2003">
  <ItemGroup>
    <Filter Include="Resource Files">
      <UniqueIdentifier>{67DA6AB6-F800-4c08-8B7A-83BB121AAD01}</UniqueIdentifier>
      <Extensions>rc;ico;cur;bmp;dlg;rc2;rct;bin;rgs;gif;jpg;jpeg;jpe;resx;tiff;tif;png;wav</Extensions>
    </Filter>
    <Filter Include="Scene">
      <UniqueIdentifier>{825afeb3-2442-419a-b37c-02ae85197945}</UniqueIdentifier>
      <Extensions>Sce*</Extensions>
    </Filter>
    <Filter Include="Math">
      <UniqueIdentifier>{a9f68248-cce7-44ac-81f4-bcd3794073ce}</UniqueIdentifier>
    </Filter>
    <Filter Include="Application">
      <UniqueIdentifier>{8d03e575-6b70-4826-9bb9-81e6924da193}</UniqueIdentifier>
    </Filter>
  </ItemGroup>
  <ItemGroup>
    <ClCompile Include="..\src\Scene\SceAir.cpp">
      <Filter>Scene</Filter>
    </ClCompile>
    <ClCompile Include="..\src\Scene\SceBox.cpp">
      <Filter>Scene</Filter>
    </ClCompile>
    <ClCompile Include="..\src\Scene\SceCamera.cpp">
      <Filter>Scene</Filter>
    </ClCompile>
    <ClCompile Include="..\src\Scene\SceEllipsoid.cpp">
      <Filter>Scene</Filter>
    </ClCompile>
    <ClCompile Include="..\src\Scene\SceLight.cpp">
      <Filter>Scene</Filter>
    </ClCompile>
    <ClCompile Include="..\src\Scene\SceObject.cpp">
      <Filter>Scene</Filter>
    </ClCompile>
    <ClCompile Include="..\src\Scene\ScePolygon.cpp">
      <Filter>Scene</Filter>
    </ClCompile>
    <ClCompile Include="..\src\Scene\SceScene.cpp">
      <Filter>Scene</Filter>
    </ClCompile>
    <ClCompile Include="..\src\Scene\SceSphere.cpp">
      <Filter>Scene</Filter>
    </ClCompile>
    <ClCompile Include="..\src\Math\MatRay.cpp">
      <Filter>Math</Filter>
    </ClCompile>
    <ClCompile Include="..\src\Application\AppSettings.cpp">
      <Filter>Application</Filter>
    </ClCompile>
    <ClCompile Include="..\src\amethystApp.cpp" />
  </ItemGroup>
  <ItemGroup>
    <ClInclude Include="..\src\Scene\SceAir.h">
      <Filter>Scene</Filter>
    </ClInclude>
    <ClInclude Include="..\src\Scene\SceBox.h">
      <Filter>Scene</Filter>
    </ClInclude>
    <ClInclude Include="..\src\Scene\SceCamera.h">
      <Filter>Scene</Filter>
    </ClInclude>
    <ClInclude Include="..\src\Scene\SceEllipsoid.h">
      <Filter>Scene</Filter>
    </ClInclude>
    <ClInclude Include="..\src\Scene\SceHitInfo.h">
      <Filter>Scene</Filter>
    </ClInclude>
    <ClInclude Include="..\src\Scene\SceLight.h">
      <Filter>Scene</Filter>
    </ClInclude>
    <ClInclude Include="..\src\Scene\SceObject.h">
      <Filter>Scene</Filter>
    </ClInclude>
    <ClInclude Include="..\src\Scene\ScePolygon.h">
      <Filter>Scene</Filter>
    </ClInclude>
    <ClInclude Include="..\src\Scene\SceScene.h">
      <Filter>Scene</Filter>
    </ClInclude>
    <ClInclude Include="..\src\Scene\SceSphere.h">
      <Filter>Scene</Filter>
    </ClInclude>
    <ClInclude Include="..\src\Math\MatRay.h">
      <Filter>Math</Filter>
    </ClInclude>
    <ClInclude Include="..\src\Application\AppSettings.h">
      <Filter>Application</Filter>
    </ClInclude>
    <ClInclude Include="..\include\Resources.h">
      <Filter>Resource Files</Filter>
    </ClInclude>
  </ItemGroup>
  <ItemGroup>
    <ResourceCompile Include="Resources.rc">
      <Filter>Resource Files</Filter>
    </ResourceCompile>
  </ItemGroup>
</Project>