<?xml version="1.0" encoding="utf-8"?>
<Project ToolsVersion="4.0" xmlns="http://schemas.microsoft.com/developer/msbuild/2003">
  <ItemGroup>
    <Filter Include="Resource Files">
      <UniqueIdentifier>{67DA6AB6-F800-4c08-8B7A-83BB121AAD01}</UniqueIdentifier>
      <Extensions>rc;ico;cur;bmp;dlg;rc2;rct;bin;rgs;gif;jpg;jpeg;jpe;resx;tiff;tif;png;wav</Extensions>
    </Filter>
    <Filter Include="Code">
      <UniqueIdentifier>{80ed035c-9afe-423f-bcdf-39e5ba38bcbf}</UniqueIdentifier>
    </Filter>
  </ItemGroup>
  <ItemGroup>
    <ClInclude Include="..\include\Resources.h">
      <Filter>Resource Files</Filter>
    </ClInclude>
    <ClInclude Include="..\src\AppSettings.h">
      <Filter>Code</Filter>
    </ClInclude>
    <ClInclude Include="..\src\Intersection.h">
      <Filter>Code</Filter>
    </ClInclude>
    <ClInclude Include="..\src\Material.h">
      <Filter>Code</Filter>
    </ClInclude>
    <ClInclude Include="..\src\Plane.h">
      <Filter>Code</Filter>
    </ClInclude>
    <ClInclude Include="..\src\SceAir.h">
      <Filter>Code</Filter>
    </ClInclude>
    <ClInclude Include="..\src\SceBox.h">
      <Filter>Code</Filter>
    </ClInclude>
    <ClInclude Include="..\src\SceCamera.h">
      <Filter>Code</Filter>
    </ClInclude>
    <ClInclude Include="..\src\SceEllipsoid.h">
      <Filter>Code</Filter>
    </ClInclude>
    <ClInclude Include="..\src\SceHitInfo.h">
      <Filter>Code</Filter>
    </ClInclude>
    <ClInclude Include="..\src\SceLight.h">
      <Filter>Code</Filter>
    </ClInclude>
    <ClInclude Include="..\src\SceObject.h">
      <Filter>Code</Filter>
    </ClInclude>
    <ClInclude Include="..\src\ScePolygon.h">
      <Filter>Code</Filter>
    </ClInclude>
    <ClInclude Include="..\src\SceScene.h">
      <Filter>Code</Filter>
    </ClInclude>
    <ClInclude Include="..\src\SceSphere.h">
      <Filter>Code</Filter>
    </ClInclude>
    <ClInclude Include="..\src\Triangle.h">
      <Filter>Code</Filter>
    </ClInclude>
  </ItemGroup>
  <ItemGroup>
    <ResourceCompile Include="Resources.rc">
      <Filter>Resource Files</Filter>
    </ResourceCompile>
  </ItemGroup>
  <ItemGroup>
    <ClCompile Include="..\src\Application.cpp">
      <Filter>Code</Filter>
    </ClCompile>
    <ClCompile Include="..\src\AppSettings.cpp">
      <Filter>Code</Filter>
    </ClCompile>
    <ClCompile Include="..\src\SceAir.cpp">
      <Filter>Code</Filter>
    </ClCompile>
    <ClCompile Include="..\src\SceBox.cpp">
      <Filter>Code</Filter>
    </ClCompile>
    <ClCompile Include="..\src\SceCamera.cpp">
      <Filter>Code</Filter>
    </ClCompile>
    <ClCompile Include="..\src\SceEllipsoid.cpp">
      <Filter>Code</Filter>
    </ClCompile>
    <ClCompile Include="..\src\SceLight.cpp">
      <Filter>Code</Filter>
    </ClCompile>
    <ClCompile Include="..\src\SceObject.cpp">
      <Filter>Code</Filter>
    </ClCompile>
    <ClCompile Include="..\src\ScePolygon.cpp">
      <Filter>Code</Filter>
    </ClCompile>
    <ClCompile Include="..\src\SceScene.cpp">
      <Filter>Code</Filter>
    </ClCompile>
    <ClCompile Include="..\src\SceSphere.cpp">
      <Filter>Code</Filter>
    </ClCompile>
  </ItemGroup>
</Project>